
Microsoft Visual Studio Solution File, Format Version 12.00
# Visual Studio Version 17
VisualStudioVersion = 17.8.34525.116
MinimumVisualStudioVersion = 10.0.40219.1
Project("{FAE04EC0-301F-11D3-BF4B-00C04F79EFBC}") = "PairFast.PrototypeConsoleApp", "PairFast.PrototypeConsoleApp\PairFast.PrototypeConsoleApp.csproj", "{C047AB4E-7A18-42A0-8309-4234610564B8}"
EndProject
Global
	GlobalSection(SolutionConfigurationPlatforms) = preSolution
		Debug|Any CPU = Debug|Any CPU
		Release|Any CPU = Release|Any CPU
	EndGlobalSection
	GlobalSection(ProjectConfigurationPlatforms) = postSolution
		{C047AB4E-7A18-42A0-8309-4234610564B8}.Debug|Any CPU.ActiveCfg = Debug|Any CPU
		{C047AB4E-7A18-42A0-8309-4234610564B8}.Debug|Any CPU.Build.0 = Debug|Any CPU
		{C047AB4E-7A18-42A0-8309-4234610564B8}.Release|Any CPU.ActiveCfg = Release|Any CPU
		{C047AB4E-7A18-42A0-8309-4234610564B8}.Release|Any CPU.Build.0 = Release|Any CPU
	EndGlobalSection
	GlobalSection(SolutionProperties) = preSolution
		HideSolutionNode = FALSE
	EndGlobalSection
	GlobalSection(ExtensibilityGlobals) = postSolution
		SolutionGuid = {109F02B0-6530-47F4-A50F-B9773964E56C}
	EndGlobalSection
EndGlobal
